
Microsoft Visual Studio Solution File, Format Version 12.00
# Visual Studio Version 16
VisualStudioVersion = 16.0.29215.179
MinimumVisualStudioVersion = 10.0.40219.1
Project("{FAE04EC0-301F-11D3-BF4B-00C04F79EFBC}") = "ConsoleApp arv", "ConsoleApp arv\ConsoleApp arv.csproj", "{58899F74-C5CA-4D43-8D9F-E32E66DD8FA9}"
EndProject
Global
	GlobalSection(SolutionConfigurationPlatforms) = preSolution
		Debug|Any CPU = Debug|Any CPU
		Release|Any CPU = Release|Any CPU
	EndGlobalSection
	GlobalSection(ProjectConfigurationPlatforms) = postSolution
		{58899F74-C5CA-4D43-8D9F-E32E66DD8FA9}.Debug|Any CPU.ActiveCfg = Debug|Any CPU
		{58899F74-C5CA-4D43-8D9F-E32E66DD8FA9}.Debug|Any CPU.Build.0 = Debug|Any CPU
		{58899F74-C5CA-4D43-8D9F-E32E66DD8FA9}.Release|Any CPU.ActiveCfg = Release|Any CPU
		{58899F74-C5CA-4D43-8D9F-E32E66DD8FA9}.Release|Any CPU.Build.0 = Release|Any CPU
	EndGlobalSection
	GlobalSection(SolutionProperties) = preSolution
		HideSolutionNode = FALSE
	EndGlobalSection
	GlobalSection(ExtensibilityGlobals) = postSolution
		SolutionGuid = {B540FB5E-F5AE-4269-9C8A-F2851EDA3D78}
	EndGlobalSection
EndGlobal
